
Microsoft Visual Studio Solution File, Format Version 12.00
# Visual Studio Version 17
VisualStudioVersion = 17.4.33205.214
MinimumVisualStudioVersion = 10.0.40219.1
Project("{FAE04EC0-301F-11D3-BF4B-00C04F79EFBC}") = "MyCar", "MyCar.csproj", "{43D104F1-43BC-48B2-A740-DF41EA4FAD5D}"
EndProject
Global
	GlobalSection(SolutionConfigurationPlatforms) = preSolution
		Debug|Any CPU = Debug|Any CPU
		Release|Any CPU = Release|Any CPU
	EndGlobalSection
	GlobalSection(ProjectConfigurationPlatforms) = postSolution
		{43D104F1-43BC-48B2-A740-DF41EA4FAD5D}.Debug|Any CPU.ActiveCfg = Debug|Any CPU
		{43D104F1-43BC-48B2-A740-DF41EA4FAD5D}.Debug|Any CPU.Build.0 = Debug|Any CPU
		{43D104F1-43BC-48B2-A740-DF41EA4FAD5D}.Release|Any CPU.ActiveCfg = Release|Any CPU
		{43D104F1-43BC-48B2-A740-DF41EA4FAD5D}.Release|Any CPU.Build.0 = Release|Any CPU
	EndGlobalSection
	GlobalSection(SolutionProperties) = preSolution
		HideSolutionNode = FALSE
	EndGlobalSection
	GlobalSection(ExtensibilityGlobals) = postSolution
		SolutionGuid = {068518FB-366D-4746-8FC8-5CE550267423}
	EndGlobalSection
EndGlobal
